// !$*UTF8*$!
{
	archiveVersion = 1;
	classes = {
	};
	objectVersion = 55;
	objects = {

/* Begin PBXBuildFile section */
		89B72F4E282386350035AF9A /* KizModeApp.swift in Sources */ = {isa = PBXBuildFile; fileRef = 89B72F4D282386350035AF9A /* KizModeApp.swift */; };
		89B72F50282386350035AF9A /* ContentView.swift in Sources */ = {isa = PBXBuildFile; fileRef = 89B72F4F282386350035AF9A /* ContentView.swift */; };
		89B72F52282386360035AF9A /* Assets.xcassets in Resources */ = {isa = PBXBuildFile; fileRef = 89B72F51282386360035AF9A /* Assets.xcassets */; };
		89B72F55282386360035AF9A /* Preview Assets.xcassets in Resources */ = {isa = PBXBuildFile; fileRef = 89B72F54282386360035AF9A /* Preview Assets.xcassets */; };
		89B72F5F282386360035AF9A /* KizModeTests.swift in Sources */ = {isa = PBXBuildFile; fileRef = 89B72F5E282386360035AF9A /* KizModeTests.swift */; };
		89B72F69282386360035AF9A /* KizModeUITests.swift in Sources */ = {isa = PBXBuildFile; fileRef = 89B72F68282386360035AF9A /* KizModeUITests.swift */; };
		89B72F6B282386360035AF9A /* KizModeUITestsLaunchTests.swift in Sources */ = {isa = PBXBuildFile; fileRef = 89B72F6A282386360035AF9A /* KizModeUITestsLaunchTests.swift */; };
/* End PBXBuildFile section */

/* Begin PBXContainerItemProxy section */
		89B72F5B282386360035AF9A /* PBXContainerItemProxy */ = {
			isa = PBXContainerItemProxy;
			containerPortal = 89B72F42282386350035AF9A /* Project object */;
			proxyType = 1;
			remoteGlobalIDString = 89B72F49282386350035AF9A;
			remoteInfo = KizMode;
		};
		89B72F65282386360035AF9A /* PBXContainerItemProxy */ = {
			isa = PBXContainerItemProxy;
			containerPortal = 89B72F42282386350035AF9A /* Project object */;
			proxyType = 1;
			remoteGlobalIDString = 89B72F49282386350035AF9A;
			remoteInfo = KizMode;
		};
/* End PBXContainerItemProxy section */

/* Begin PBXFileReference section */
		89B72F4A282386350035AF9A /* KizMode.app */ = {isa = PBXFileReference; explicitFileType = wrapper.application; includeInIndex = 0; path = KizMode.app; sourceTree = BUILT_PRODUCTS_DIR; };
		89B72F4D282386350035AF9A /* KizModeApp.swift */ = {isa = PBXFileReference; lastKnownFileType = sourcecode.swift; path = KizModeApp.swift; sourceTree = "<group>"; };
		89B72F4F282386350035AF9A /* ContentView.swift */ = {isa = PBXFileReference; lastKnownFileType = sourcecode.swift; path = ContentView.swift; sourceTree = "<group>"; };
		89B72F51282386360035AF9A /* Assets.xcassets */ = {isa = PBXFileReference; lastKnownFileType = folder.assetcatalog; path = Assets.xcassets; sourceTree = "<group>"; };
		89B72F54282386360035AF9A /* Preview Assets.xcassets */ = {isa = PBXFileReference; lastKnownFileType = folder.assetcatalog; path = "Preview Assets.xcassets"; sourceTree = "<group>"; };
		89B72F5A282386360035AF9A /* KizModeTests.xctest */ = {isa = PBXFileReference; explicitFileType = wrapper.cfbundle; includeInIndex = 0; path = KizModeTests.xctest; sourceTree = BUILT_PRODUCTS_DIR; };
		89B72F5E282386360035AF9A /* KizModeTests.swift */ = {isa = PBXFileReference; lastKnownFileType = sourcecode.swift; path = KizModeTests.swift; sourceTree = "<group>"; };
		89B72F64282386360035AF9A /* KizModeUITests.xctest */ = {isa = PBXFileReference; explicitFileType = wrapper.cfbundle; includeInIndex = 0; path = KizModeUITests.xctest; sourceTree = BUILT_PRODUCTS_DIR; };
		89B72F68282386360035AF9A /* KizModeUITests.swift */ = {isa = PBXFileReference; lastKnownFileType = sourcecode.swift; path = KizModeUITests.swift; sourceTree = "<group>"; };
		89B72F6A282386360035AF9A /* KizModeUITestsLaunchTests.swift */ = {isa = PBXFileReference; lastKnownFileType = sourcecode.swift; path = KizModeUITestsLaunchTests.swift; sourceTree = "<group>"; };
/* End PBXFileReference section */

/* Begin PBXFrameworksBuildPhase section */
		89B72F47282386350035AF9A /* Frameworks */ = {
			isa = PBXFrameworksBuildPhase;
			buildActionMask = 2147483647;
			files = (
			);
			runOnlyForDeploymentPostprocessing = 0;
		};
		89B72F57282386360035AF9A /* Frameworks */ = {
			isa = PBXFrameworksBuildPhase;
			buildActionMask = 2147483647;
			files = (
			);
			runOnlyForDeploymentPostprocessing = 0;
		};
		89B72F61282386360035AF9A /* Frameworks */ = {
			isa = PBXFrameworksBuildPhase;
			buildActionMask = 2147483647;
			files = (
			);
			runOnlyForDeploymentPostprocessing = 0;
		};
/* End PBXFrameworksBuildPhase section */

/* Begin PBXGroup section */
		89B72F41282386350035AF9A = {
			isa = PBXGroup;
			children = (
				89B72F4C282386350035AF9A /* KizMode */,
				89B72F5D282386360035AF9A /* KizModeTests */,
				89B72F67282386360035AF9A /* KizModeUITests */,
				89B72F4B282386350035AF9A /* Products */,
			);
			sourceTree = "<group>";
		};
		89B72F4B282386350035AF9A /* Products */ = {
			isa = PBXGroup;
			children = (
				89B72F4A282386350035AF9A /* KizMode.app */,
				89B72F5A282386360035AF9A /* KizModeTests.xctest */,
				89B72F64282386360035AF9A /* KizModeUITests.xctest */,
			);
			name = Products;
			sourceTree = "<group>";
		};
		89B72F4C282386350035AF9A /* KizMode */ = {
			isa = PBXGroup;
			children = (
				89B72F4D282386350035AF9A /* KizModeApp.swift */,
				89B72F4F282386350035AF9A /* ContentView.swift */,
				89B72F51282386360035AF9A /* Assets.xcassets */,
				89B72F53282386360035AF9A /* Preview Content */,
			);
			path = KizMode;
			sourceTree = "<group>";
		};
		89B72F53282386360035AF9A /* Preview Content */ = {
			isa = PBXGroup;
			children = (
				89B72F54282386360035AF9A /* Preview Assets.xcassets */,
			);
			path = "Preview Content";
			sourceTree = "<group>";
		};
		89B72F5D282386360035AF9A /* KizModeTests */ = {
			isa = PBXGroup;
			children = (
				89B72F5E282386360035AF9A /* KizModeTests.swift */,
			);
			path = KizModeTests;
			sourceTree = "<group>";
		};
		89B72F67282386360035AF9A /* KizModeUITests */ = {
			isa = PBXGroup;
			children = (
				89B72F68282386360035AF9A /* KizModeUITests.swift */,
				89B72F6A282386360035AF9A /* KizModeUITestsLaunchTests.swift */,
			);
			path = KizModeUITests;
			sourceTree = "<group>";
		};
/* End PBXGroup section */

/* Begin PBXNativeTarget section */
		89B72F49282386350035AF9A /* KizMode */ = {
			isa = PBXNativeTarget;
			buildConfigurationList = 89B72F6E282386360035AF9A /* Build configuration list for PBXNativeTarget "KizMode" */;
			buildPhases = (
				89B72F46282386350035AF9A /* Sources */,
				89B72F47282386350035AF9A /* Frameworks */,
				89B72F48282386350035AF9A /* Resources */,
			);
			buildRules = (
			);
			dependencies = (
			);
			name = KizMode;
			productName = KizMode;
			productReference = 89B72F4A282386350035AF9A /* KizMode.app */;
			productType = "com.apple.product-type.application";
		};
		89B72F59282386360035AF9A /* KizModeTests */ = {
			isa = PBXNativeTarget;
			buildConfigurationList = 89B72F71282386360035AF9A /* Build configuration list for PBXNativeTarget "KizModeTests" */;
			buildPhases = (
				89B72F56282386360035AF9A /* Sources */,
				89B72F57282386360035AF9A /* Frameworks */,
				89B72F58282386360035AF9A /* Resources */,
			);
			buildRules = (
			);
			dependencies = (
				89B72F5C282386360035AF9A /* PBXTargetDependency */,
			);
			name = KizModeTests;
			productName = KizModeTests;
			productReference = 89B72F5A282386360035AF9A /* KizModeTests.xctest */;
			productType = "com.apple.product-type.bundle.unit-test";
		};
		89B72F63282386360035AF9A /* KizModeUITests */ = {
			isa = PBXNativeTarget;
			buildConfigurationList = 89B72F74282386360035AF9A /* Build configuration list for PBXNativeTarget "KizModeUITests" */;
			buildPhases = (
				89B72F60282386360035AF9A /* Sources */,
				89B72F61282386360035AF9A /* Frameworks */,
				89B72F62282386360035AF9A /* Resources */,
			);
			buildRules = (
			);
			dependencies = (
				89B72F66282386360035AF9A /* PBXTargetDependency */,
			);
			name = KizModeUITests;
			productName = KizModeUITests;
			productReference = 89B72F64282386360035AF9A /* KizModeUITests.xctest */;
			productType = "com.apple.product-type.bundle.ui-testing";
		};
/* End PBXNativeTarget section */

/* Begin PBXProject section */
		89B72F42282386350035AF9A /* Project object */ = {
			isa = PBXProject;
			attributes = {
				BuildIndependentTargetsInParallel = 1;
				LastSwiftUpdateCheck = 1330;
				LastUpgradeCheck = 1330;
				TargetAttributes = {
					89B72F49282386350035AF9A = {
						CreatedOnToolsVersion = 13.3;
					};
					89B72F59282386360035AF9A = {
						CreatedOnToolsVersion = 13.3;
						TestTargetID = 89B72F49282386350035AF9A;
					};
					89B72F63282386360035AF9A = {
						CreatedOnToolsVersion = 13.3;
						TestTargetID = 89B72F49282386350035AF9A;
					};
				};
			};
			buildConfigurationList = 89B72F45282386350035AF9A /* Build configuration list for PBXProject "KizMode" */;
			compatibilityVersion = "Xcode 13.0";
			developmentRegion = en;
			hasScannedForEncodings = 0;
			knownRegions = (
				en,
				Base,
			);
			mainGroup = 89B72F41282386350035AF9A;
			productRefGroup = 89B72F4B282386350035AF9A /* Products */;
			projectDirPath = "";
			projectRoot = "";
			targets = (
				89B72F49282386350035AF9A /* KizMode */,
				89B72F59282386360035AF9A /* KizModeTests */,
				89B72F63282386360035AF9A /* KizModeUITests */,
			);
		};
/* End PBXProject section */

/* Begin PBXResourcesBuildPhase section */
		89B72F48282386350035AF9A /* Resources */ = {
			isa = PBXResourcesBuildPhase;
			buildActionMask = 2147483647;
			files = (
				89B72F55282386360035AF9A /* Preview Assets.xcassets in Resources */,
				89B72F52282386360035AF9A /* Assets.xcassets in Resources */,
			);
			runOnlyForDeploymentPostprocessing = 0;
		};
		89B72F58282386360035AF9A /* Resources */ = {
			isa = PBXResourcesBuildPhase;
			buildActionMask = 2147483647;
			files = (
			);
			runOnlyForDeploymentPostprocessing = 0;
		};
		89B72F62282386360035AF9A /* Resources */ = {
			isa = PBXResourcesBuildPhase;
			buildActionMask = 2147483647;
			files = (
			);
			runOnlyForDeploymentPostprocessing = 0;
		};
/* End PBXResourcesBuildPhase section */

/* Begin PBXSourcesBuildPhase section */
		89B72F46282386350035AF9A /* Sources */ = {
			isa = PBXSourcesBuildPhase;
			buildActionMask = 2147483647;
			files = (
				89B72F50282386350035AF9A /* ContentView.swift in Sources */,
				89B72F4E282386350035AF9A /* KizModeApp.swift in Sources */,
			);
			runOnlyForDeploymentPostprocessing = 0;
		};
		89B72F56282386360035AF9A /* Sources */ = {
			isa = PBXSourcesBuildPhase;
			buildActionMask = 2147483647;
			files = (
				89B72F5F282386360035AF9A /* KizModeTests.swift in Sources */,
			);
			runOnlyForDeploymentPostprocessing = 0;
		};
		89B72F60282386360035AF9A /* Sources */ = {
			isa = PBXSourcesBuildPhase;
			buildActionMask = 2147483647;
			files = (
				89B72F6B282386360035AF9A /* KizModeUITestsLaunchTests.swift in Sources */,
				89B72F69282386360035AF9A /* KizModeUITests.swift in Sources */,
			);
			runOnlyForDeploymentPostprocessing = 0;
		};
/* End PBXSourcesBuildPhase section */

/* Begin PBXTargetDependency section */
		89B72F5C282386360035AF9A /* PBXTargetDependency */ = {
			isa = PBXTargetDependency;
			target = 89B72F49282386350035AF9A /* KizMode */;
			targetProxy = 89B72F5B282386360035AF9A /* PBXContainerItemProxy */;
		};
		89B72F66282386360035AF9A /* PBXTargetDependency */ = {
			isa = PBXTargetDependency;
			target = 89B72F49282386350035AF9A /* KizMode */;
			targetProxy = 89B72F65282386360035AF9A /* PBXContainerItemProxy */;
		};
/* End PBXTargetDependency section */

/* Begin XCBuildConfiguration section */
		89B72F6C282386360035AF9A /* Debug */ = {
			isa = XCBuildConfiguration;
			buildSettings = {
				ALWAYS_SEARCH_USER_PATHS = NO;
				CLANG_ANALYZER_NONNULL = YES;
				CLANG_ANALYZER_NUMBER_OBJECT_CONVERSION = YES_AGGRESSIVE;
				CLANG_CXX_LANGUAGE_STANDARD = "gnu++17";
				CLANG_ENABLE_MODULES = YES;
				CLANG_ENABLE_OBJC_ARC = YES;
				CLANG_ENABLE_OBJC_WEAK = YES;
				CLANG_WARN_BLOCK_CAPTURE_AUTORELEASING = YES;
				CLANG_WARN_BOOL_CONVERSION = YES;
				CLANG_WARN_COMMA = YES;
				CLANG_WARN_CONSTANT_CONVERSION = YES;
				CLANG_WARN_DEPRECATED_OBJC_IMPLEMENTATIONS = YES;
				CLANG_WARN_DIRECT_OBJC_ISA_USAGE = YES_ERROR;
				CLANG_WARN_DOCUMENTATION_COMMENTS = YES;
				CLANG_WARN_EMPTY_BODY = YES;
				CLANG_WARN_ENUM_CONVERSION = YES;
				CLANG_WARN_INFINITE_RECURSION = YES;
				CLANG_WARN_INT_CONVERSION = YES;
				CLANG_WARN_NON_LITERAL_NULL_CONVERSION = YES;
				CLANG_WARN_OBJC_IMPLICIT_RETAIN_SELF = YES;
				CLANG_WARN_OBJC_LITERAL_CONVERSION = YES;
				CLANG_WARN_OBJC_ROOT_CLASS = YES_ERROR;
				CLANG_WARN_QUOTED_INCLUDE_IN_FRAMEWORK_HEADER = YES;
				CLANG_WARN_RANGE_LOOP_ANALYSIS = YES;
				CLANG_WARN_STRICT_PROTOTYPES = YES;
				CLANG_WARN_SUSPICIOUS_MOVE = YES;
				CLANG_WARN_UNGUARDED_AVAILABILITY = YES_AGGRESSIVE;
				CLANG_WARN_UNREACHABLE_CODE = YES;
				CLANG_WARN__DUPLICATE_METHOD_MATCH = YES;
				COPY_PHASE_STRIP = NO;
				DEBUG_INFORMATION_FORMAT = dwarf;
				ENABLE_STRICT_OBJC_MSGSEND = YES;
				ENABLE_TESTABILITY = YES;
				GCC_C_LANGUAGE_STANDARD = gnu11;
				GCC_DYNAMIC_NO_PIC = NO;
				GCC_NO_COMMON_BLOCKS = YES;
				GCC_OPTIMIZATION_LEVEL = 0;
				GCC_PREPROCESSOR_DEFINITIONS = (
					"DEBUG=1",
					"$(inherited)",
				);
				GCC_WARN_64_TO_32_BIT_CONVERSION = YES;
				GCC_WARN_ABOUT_RETURN_TYPE = YES_ERROR;
				GCC_WARN_UNDECLARED_SELECTOR = YES;
				GCC_WARN_UNINITIALIZED_AUTOS = YES_AGGRESSIVE;
				GCC_WARN_UNUSED_FUNCTION = YES;
				GCC_WARN_UNUSED_VARIABLE = YES;
				IPHONEOS_DEPLOYMENT_TARGET = 15.4;
				MTL_ENABLE_DEBUG_INFO = INCLUDE_SOURCE;
				MTL_FAST_MATH = YES;
				ONLY_ACTIVE_ARCH = YES;
				SDKROOT = iphoneos;
				SWIFT_ACTIVE_COMPILATION_CONDITIONS = DEBUG;
				SWIFT_OPTIMIZATION_LEVEL = "-Onone";
			};
			name = Debug;
		};
		89B72F6D282386360035AF9A /* Release */ = {
			isa = XCBuildConfiguration;
			buildSettings = {
				ALWAYS_SEARCH_USER_PATHS = NO;
				CLANG_ANALYZER_NONNULL = YES;
				CLANG_ANALYZER_NUMBER_OBJECT_CONVERSION = YES_AGGRESSIVE;
				CLANG_CXX_LANGUAGE_STANDARD = "gnu++17";
				CLANG_ENABLE_MODULES = YES;
				CLANG_ENABLE_OBJC_ARC = YES;
				CLANG_ENABLE_OBJC_WEAK = YES;
				CLANG_WARN_BLOCK_CAPTURE_AUTORELEASING = YES;
				CLANG_WARN_BOOL_CONVERSION = YES;
				CLANG_WARN_COMMA = YES;
				CLANG_WARN_CONSTANT_CONVERSION = YES;
				CLANG_WARN_DEPRECATED_OBJC_IMPLEMENTATIONS = YES;
				CLANG_WARN_DIRECT_OBJC_ISA_USAGE = YES_ERROR;
				CLANG_WARN_DOCUMENTATION_COMMENTS = YES;
				CLANG_WARN_EMPTY_BODY = YES;
				CLANG_WARN_ENUM_CONVERSION = YES;
				CLANG_WARN_INFINITE_RECURSION = YES;
				CLANG_WARN_INT_CONVERSION = YES;
				CLANG_WARN_NON_LITERAL_NULL_CONVERSION = YES;
				CLANG_WARN_OBJC_IMPLICIT_RETAIN_SELF = YES;
				CLANG_WARN_OBJC_LITERAL_CONVERSION = YES;
				CLANG_WARN_OBJC_ROOT_CLASS = YES_ERROR;
				CLANG_WARN_QUOTED_INCLUDE_IN_FRAMEWORK_HEADER = YES;
				CLANG_WARN_RANGE_LOOP_ANALYSIS = YES;
				CLANG_WARN_STRICT_PROTOTYPES = YES;
				CLANG_WARN_SUSPICIOUS_MOVE = YES;
				CLANG_WARN_UNGUARDED_AVAILABILITY = YES_AGGRESSIVE;
				CLANG_WARN_UNREACHABLE_CODE = YES;
				CLANG_WARN__DUPLICATE_METHOD_MATCH = YES;
				COPY_PHASE_STRIP = NO;
				DEBUG_INFORMATION_FORMAT = "dwarf-with-dsym";
				ENABLE_NS_ASSERTIONS = NO;
				ENABLE_STRICT_OBJC_MSGSEND = YES;
				GCC_C_LANGUAGE_STANDARD = gnu11;
				GCC_NO_COMMON_BLOCKS = YES;
				GCC_WARN_64_TO_32_BIT_CONVERSION = YES;
				GCC_WARN_ABOUT_RETURN_TYPE = YES_ERROR;
				GCC_WARN_UNDECLARED_SELECTOR = YES;
				GCC_WARN_UNINITIALIZED_AUTOS = YES_AGGRESSIVE;
				GCC_WARN_UNUSED_FUNCTION = YES;
				GCC_WARN_UNUSED_VARIABLE = YES;
				IPHONEOS_DEPLOYMENT_TARGET = 15.4;
				MTL_ENABLE_DEBUG_INFO = NO;
				MTL_FAST_MATH = YES;
				SDKROOT = iphoneos;
				SWIFT_COMPILATION_MODE = wholemodule;
				SWIFT_OPTIMIZATION_LEVEL = "-O";
				VALIDATE_PRODUCT = YES;
			};
			name = Release;
		};
		89B72F6F282386360035AF9A /* Debug */ = {
			isa = XCBuildConfiguration;
			buildSettings = {
				ASSETCATALOG_COMPILER_APPICON_NAME = AppIcon;
				ASSETCATALOG_COMPILER_GLOBAL_ACCENT_COLOR_NAME = AccentColor;
				CODE_SIGN_STYLE = Automatic;
				CURRENT_PROJECT_VERSION = 1;
				DEVELOPMENT_ASSET_PATHS = "\"KizMode/Preview Content\"";
				DEVELOPMENT_TEAM = DL9N9GFVMW;
				ENABLE_PREVIEWS = YES;
				GENERATE_INFOPLIST_FILE = YES;
				INFOPLIST_KEY_UIApplicationSceneManifest_Generation = YES;
				INFOPLIST_KEY_UIApplicationSupportsIndirectInputEvents = YES;
				INFOPLIST_KEY_UILaunchScreen_Generation = YES;
				INFOPLIST_KEY_UISupportedInterfaceOrientations_iPad = "UIInterfaceOrientationPortrait UIInterfaceOrientationPortraitUpsideDown UIInterfaceOrientationLandscapeLeft UIInterfaceOrientationLandscapeRight";
				INFOPLIST_KEY_UISupportedInterfaceOrientations_iPhone = "UIInterfaceOrientationPortrait UIInterfaceOrientationLandscapeLeft UIInterfaceOrientationLandscapeRight";
				LD_RUNPATH_SEARCH_PATHS = (
					"$(inherited)",
					"@executable_path/Frameworks",
				);
				MARKETING_VERSION = 1.0;
				PRODUCT_BUNDLE_IDENTIFIER = com.theo.KizMode;
				PRODUCT_NAME = "$(TARGET_NAME)";
				SWIFT_EMIT_LOC_STRINGS = YES;
				SWIFT_VERSION = 5.0;
				TARGETED_DEVICE_FAMILY = "1,2";
			};
			name = Debug;
		};
		89B72F70282386360035AF9A /* Release */ = {
			isa = XCBuildConfiguration;
			buildSettings = {
				ASSETCATALOG_COMPILER_APPICON_NAME = AppIcon;
				ASSETCATALOG_COMPILER_GLOBAL_ACCENT_COLOR_NAME = AccentColor;
				CODE_SIGN_STYLE = Automatic;
				CURRENT_PROJECT_VERSION = 1;
				DEVELOPMENT_ASSET_PATHS = "\"KizMode/Preview Content\"";
				DEVELOPMENT_TEAM = DL9N9GFVMW;
				ENABLE_PREVIEWS = YES;
				GENERATE_INFOPLIST_FILE = YES;
				INFOPLIST_KEY_UIApplicationSceneManifest_Generation = YES;
				INFOPLIST_KEY_UIApplicationSupportsIndirectInputEvents = YES;
				INFOPLIST_KEY_UILaunchScreen_Generation = YES;
				INFOPLIST_KEY_UISupportedInterfaceOrientations_iPad = "UIInterfaceOrientationPortrait UIInterfaceOrientationPortraitUpsideDown UIInterfaceOrientationLandscapeLeft UIInterfaceOrientationLandscapeRight";
				INFOPLIST_KEY_UISupportedInterfaceOrientations_iPhone = "UIInterfaceOrientationPortrait UIInterfaceOrientationLandscapeLeft UIInterfaceOrientationLandscapeRight";
				LD_RUNPATH_SEARCH_PATHS = (
					"$(inherited)",
					"@executable_path/Frameworks",
				);
				MARKETING_VERSION = 1.0;
				PRODUCT_BUNDLE_IDENTIFIER = com.theo.KizMode;
				PRODUCT_NAME = "$(TARGET_NAME)";
				SWIFT_EMIT_LOC_STRINGS = YES;
				SWIFT_VERSION = 5.0;
				TARGETED_DEVICE_FAMILY = "1,2";
			};
			name = Release;
		};
		89B72F72282386360035AF9A /* Debug */ = {
			isa = XCBuildConfiguration;
			buildSettings = {
				ALWAYS_EMBED_SWIFT_STANDARD_LIBRARIES = YES;
				BUNDLE_LOADER = "$(TEST_HOST)";
				CODE_SIGN_STYLE = Automatic;
				CURRENT_PROJECT_VERSION = 1;
				DEVELOPMENT_TEAM = DL9N9GFVMW;
				GENERATE_INFOPLIST_FILE = YES;
				IPHONEOS_DEPLOYMENT_TARGET = 15.4;
				MARKETING_VERSION = 1.0;
				PRODUCT_BUNDLE_IDENTIFIER = com.theo.KizModeTests;
				PRODUCT_NAME = "$(TARGET_NAME)";
				SWIFT_EMIT_LOC_STRINGS = NO;
				SWIFT_VERSION = 5.0;
				TARGETED_DEVICE_FAMILY = "1,2";
				TEST_HOST = "$(BUILT_PRODUCTS_DIR)/KizMode.app/KizMode";
			};
			name = Debug;
		};
		89B72F73282386360035AF9A /* Release */ = {
			isa = XCBuildConfiguration;
			buildSettings = {
				ALWAYS_EMBED_SWIFT_STANDARD_LIBRARIES = YES;
				BUNDLE_LOADER = "$(TEST_HOST)";
				CODE_SIGN_STYLE = Automatic;
				CURRENT_PROJECT_VERSION = 1;
				DEVELOPMENT_TEAM = DL9N9GFVMW;
				GENERATE_INFOPLIST_FILE = YES;
				IPHONEOS_DEPLOYMENT_TARGET = 15.4;
				MARKETING_VERSION = 1.0;
				PRODUCT_BUNDLE_IDENTIFIER = com.theo.KizModeTests;
				PRODUCT_NAME = "$(TARGET_NAME)";
				SWIFT_EMIT_LOC_STRINGS = NO;
				SWIFT_VERSION = 5.0;
				TARGETED_DEVICE_FAMILY = "1,2";
				TEST_HOST = "$(BUILT_PRODUCTS_DIR)/KizMode.app/KizMode";
			};
			name = Release;
		};
		89B72F75282386360035AF9A /* Debug */ = {
			isa = XCBuildConfiguration;
			buildSettings = {
				ALWAYS_EMBED_SWIFT_STANDARD_LIBRARIES = YES;
				CODE_SIGN_STYLE = Automatic;
				CURRENT_PROJECT_VERSION = 1;
				DEVELOPMENT_TEAM = DL9N9GFVMW;
				GENERATE_INFOPLIST_FILE = YES;
				MARKETING_VERSION = 1.0;
				PRODUCT_BUNDLE_IDENTIFIER = com.theo.KizModeUITests;
				PRODUCT_NAME = "$(TARGET_NAME)";
				SWIFT_EMIT_LOC_STRINGS = NO;
				SWIFT_VERSION = 5.0;
				TARGETED_DEVICE_FAMILY = "1,2";
				TEST_TARGET_NAME = KizMode;
			};
			name = Debug;
		};
		89B72F76282386360035AF9A /* Release */ = {
			isa = XCBuildConfiguration;
			buildSettings = {
				ALWAYS_EMBED_SWIFT_STANDARD_LIBRARIES = YES;
				CODE_SIGN_STYLE = Automatic;
				CURRENT_PROJECT_VERSION = 1;
				DEVELOPMENT_TEAM = DL9N9GFVMW;
				GENERATE_INFOPLIST_FILE = YES;
				MARKETING_VERSION = 1.0;
				PRODUCT_BUNDLE_IDENTIFIER = com.theo.KizModeUITests;
				PRODUCT_NAME = "$(TARGET_NAME)";
				SWIFT_EMIT_LOC_STRINGS = NO;
				SWIFT_VERSION = 5.0;
				TARGETED_DEVICE_FAMILY = "1,2";
				TEST_TARGET_NAME = KizMode;
			};
			name = Release;
		};
/* End XCBuildConfiguration section */

/* Begin XCConfigurationList section */
		89B72F45282386350035AF9A /* Build configuration list for PBXProject "KizMode" */ = {
			isa = XCConfigurationList;
			buildConfigurations = (
				89B72F6C282386360035AF9A /* Debug */,
				89B72F6D282386360035AF9A /* Release */,
			);
			defaultConfigurationIsVisible = 0;
			defaultConfigurationName = Release;
		};
		89B72F6E282386360035AF9A /* Build configuration list for PBXNativeTarget "KizMode" */ = {
			isa = XCConfigurationList;
			buildConfigurations = (
				89B72F6F282386360035AF9A /* Debug */,
				89B72F70282386360035AF9A /* Release */,
			);
			defaultConfigurationIsVisible = 0;
			defaultConfigurationName = Release;
		};
		89B72F71282386360035AF9A /* Build configuration list for PBXNativeTarget "KizModeTests" */ = {
			isa = XCConfigurationList;
			buildConfigurations = (
				89B72F72282386360035AF9A /* Debug */,
				89B72F73282386360035AF9A /* Release */,
			);
			defaultConfigurationIsVisible = 0;
			defaultConfigurationName = Release;
		};
		89B72F74282386360035AF9A /* Build configuration list for PBXNativeTarget "KizModeUITests" */ = {
			isa = XCConfigurationList;
			buildConfigurations = (
				89B72F75282386360035AF9A /* Debug */,
				89B72F76282386360035AF9A /* Release */,
			);
			defaultConfigurationIsVisible = 0;
			defaultConfigurationName = Release;
		};
/* End XCConfigurationList section */
	};
	rootObject = 89B72F42282386350035AF9A /* Project object */;
}
